
Microsoft Visual Studio Solution File, Format Version 12.00
# Visual Studio Version 17
VisualStudioVersion = 17.3.32901.215
MinimumVisualStudioVersion = 10.0.40219.1
Project("{FAE04EC0-301F-11D3-BF4B-00C04F79EFBC}") = "opggFront", "opggFront\opggFront.csproj", "{78C5845B-4ADC-46C6-9053-247E311F6494}"
EndProject
Global
	GlobalSection(SolutionConfigurationPlatforms) = preSolution
		Debug|Any CPU = Debug|Any CPU
		Release|Any CPU = Release|Any CPU
	EndGlobalSection
	GlobalSection(ProjectConfigurationPlatforms) = postSolution
		{78C5845B-4ADC-46C6-9053-247E311F6494}.Debug|Any CPU.ActiveCfg = Debug|Any CPU
		{78C5845B-4ADC-46C6-9053-247E311F6494}.Debug|Any CPU.Build.0 = Debug|Any CPU
		{78C5845B-4ADC-46C6-9053-247E311F6494}.Release|Any CPU.ActiveCfg = Release|Any CPU
		{78C5845B-4ADC-46C6-9053-247E311F6494}.Release|Any CPU.Build.0 = Release|Any CPU
	EndGlobalSection
	GlobalSection(SolutionProperties) = preSolution
		HideSolutionNode = FALSE
	EndGlobalSection
	GlobalSection(ExtensibilityGlobals) = postSolution
		SolutionGuid = {DC17EB73-0BBB-486A-ABFF-BD26A5196F9E}
	EndGlobalSection
EndGlobal
